// !$*UTF8*$!
{
	archiveVersion = 1;
	classes = {
	};
	objectVersion = 56;
	objects = {

/* Begin PBXBuildFile section */
		5D2340152C57402A002B3D34 /* DietApp.swift in Sources */ = {isa = PBXBuildFile; fileRef = 5D2340142C57402A002B3D34 /* DietApp.swift */; };
		5D2340172C57402A002B3D34 /* ContentView.swift in Sources */ = {isa = PBXBuildFile; fileRef = 5D2340162C57402A002B3D34 /* ContentView.swift */; };
		5D2340192C57402C002B3D34 /* Assets.xcassets in Resources */ = {isa = PBXBuildFile; fileRef = 5D2340182C57402C002B3D34 /* Assets.xcassets */; };
		5D23401C2C57402C002B3D34 /* Preview Assets.xcassets in Resources */ = {isa = PBXBuildFile; fileRef = 5D23401B2C57402C002B3D34 /* Preview Assets.xcassets */; };
		5D2340232C574216002B3D34 /* CircularProgressView.swift in Sources */ = {isa = PBXBuildFile; fileRef = 5D2340222C574216002B3D34 /* CircularProgressView.swift */; };
		5D2340252C574242002B3D34 /* ExploreView.swift in Sources */ = {isa = PBXBuildFile; fileRef = 5D2340242C574242002B3D34 /* ExploreView.swift */; };
		5D2340272C574272002B3D34 /* GoalsView.swift in Sources */ = {isa = PBXBuildFile; fileRef = 5D2340262C574272002B3D34 /* GoalsView.swift */; };
		5D2340292C5742E3002B3D34 /* HeaderView.swift in Sources */ = {isa = PBXBuildFile; fileRef = 5D2340282C5742E3002B3D34 /* HeaderView.swift */; };
		5D23402B2C574316002B3D34 /* TodayView.swift in Sources */ = {isa = PBXBuildFile; fileRef = 5D23402A2C574316002B3D34 /* TodayView.swift */; };
		5D23402D2C579E30002B3D34 /* MainScreen.swift in Sources */ = {isa = PBXBuildFile; fileRef = 5D23402C2C579E30002B3D34 /* MainScreen.swift */; };
		5D23402F2C5879AE002B3D34 /* FoodInfo.swift in Sources */ = {isa = PBXBuildFile; fileRef = 5D23402E2C5879AE002B3D34 /* FoodInfo.swift */; };
		5D2340312C5A024D002B3D34 /* JsonModel.swift in Sources */ = {isa = PBXBuildFile; fileRef = 5D2340302C5A024C002B3D34 /* JsonModel.swift */; };
		5D2340332C5A0440002B3D34 /* NetworkManager.swift in Sources */ = {isa = PBXBuildFile; fileRef = 5D2340322C5A0440002B3D34 /* NetworkManager.swift */; };
/* End PBXBuildFile section */

/* Begin PBXFileReference section */
		5D2340112C57402A002B3D34 /* Diet.app */ = {isa = PBXFileReference; explicitFileType = wrapper.application; includeInIndex = 0; path = Diet.app; sourceTree = BUILT_PRODUCTS_DIR; };
		5D2340142C57402A002B3D34 /* DietApp.swift */ = {isa = PBXFileReference; lastKnownFileType = sourcecode.swift; path = DietApp.swift; sourceTree = "<group>"; };
		5D2340162C57402A002B3D34 /* ContentView.swift */ = {isa = PBXFileReference; lastKnownFileType = sourcecode.swift; path = ContentView.swift; sourceTree = "<group>"; };
		5D2340182C57402C002B3D34 /* Assets.xcassets */ = {isa = PBXFileReference; lastKnownFileType = folder.assetcatalog; path = Assets.xcassets; sourceTree = "<group>"; };
		5D23401B2C57402C002B3D34 /* Preview Assets.xcassets */ = {isa = PBXFileReference; lastKnownFileType = folder.assetcatalog; path = "Preview Assets.xcassets"; sourceTree = "<group>"; };
		5D2340222C574216002B3D34 /* CircularProgressView.swift */ = {isa = PBXFileReference; lastKnownFileType = sourcecode.swift; path = CircularProgressView.swift; sourceTree = "<group>"; };
		5D2340242C574242002B3D34 /* ExploreView.swift */ = {isa = PBXFileReference; lastKnownFileType = sourcecode.swift; path = ExploreView.swift; sourceTree = "<group>"; };
		5D2340262C574272002B3D34 /* GoalsView.swift */ = {isa = PBXFileReference; lastKnownFileType = sourcecode.swift; path = GoalsView.swift; sourceTree = "<group>"; };
		5D2340282C5742E3002B3D34 /* HeaderView.swift */ = {isa = PBXFileReference; lastKnownFileType = sourcecode.swift; path = HeaderView.swift; sourceTree = "<group>"; };
		5D23402A2C574316002B3D34 /* TodayView.swift */ = {isa = PBXFileReference; lastKnownFileType = sourcecode.swift; path = TodayView.swift; sourceTree = "<group>"; };
		5D23402C2C579E30002B3D34 /* MainScreen.swift */ = {isa = PBXFileReference; lastKnownFileType = sourcecode.swift; path = MainScreen.swift; sourceTree = "<group>"; };
		5D23402E2C5879AE002B3D34 /* FoodInfo.swift */ = {isa = PBXFileReference; lastKnownFileType = sourcecode.swift; path = FoodInfo.swift; sourceTree = "<group>"; };
		5D2340302C5A024C002B3D34 /* JsonModel.swift */ = {isa = PBXFileReference; lastKnownFileType = sourcecode.swift; path = JsonModel.swift; sourceTree = "<group>"; };
		5D2340322C5A0440002B3D34 /* NetworkManager.swift */ = {isa = PBXFileReference; lastKnownFileType = sourcecode.swift; path = NetworkManager.swift; sourceTree = "<group>"; };
/* End PBXFileReference section */

/* Begin PBXFrameworksBuildPhase section */
		5D23400E2C57402A002B3D34 /* Frameworks */ = {
			isa = PBXFrameworksBuildPhase;
			buildActionMask = 2147483647;
			files = (
			);
			runOnlyForDeploymentPostprocessing = 0;
		};
/* End PBXFrameworksBuildPhase section */

/* Begin PBXGroup section */
		5D2340082C57402A002B3D34 = {
			isa = PBXGroup;
			children = (
				5D2340132C57402A002B3D34 /* Diet */,
				5D2340122C57402A002B3D34 /* Products */,
			);
			sourceTree = "<group>";
		};
		5D2340122C57402A002B3D34 /* Products */ = {
			isa = PBXGroup;
			children = (
				5D2340112C57402A002B3D34 /* Diet.app */,
			);
			name = Products;
			sourceTree = "<group>";
		};
		5D2340132C57402A002B3D34 /* Diet */ = {
			isa = PBXGroup;
			children = (
				5D2340142C57402A002B3D34 /* DietApp.swift */,
				5D23402C2C579E30002B3D34 /* MainScreen.swift */,
				5D23402E2C5879AE002B3D34 /* FoodInfo.swift */,
				5D2340302C5A024C002B3D34 /* JsonModel.swift */,
				5D2340322C5A0440002B3D34 /* NetworkManager.swift */,
				5D2340162C57402A002B3D34 /* ContentView.swift */,
				5D23402A2C574316002B3D34 /* TodayView.swift */,
				5D2340282C5742E3002B3D34 /* HeaderView.swift */,
				5D2340262C574272002B3D34 /* GoalsView.swift */,
				5D2340242C574242002B3D34 /* ExploreView.swift */,
				5D2340222C574216002B3D34 /* CircularProgressView.swift */,
				5D2340182C57402C002B3D34 /* Assets.xcassets */,
				5D23401A2C57402C002B3D34 /* Preview Content */,
			);
			path = Diet;
			sourceTree = "<group>";
		};
		5D23401A2C57402C002B3D34 /* Preview Content */ = {
			isa = PBXGroup;
			children = (
				5D23401B2C57402C002B3D34 /* Preview Assets.xcassets */,
			);
			path = "Preview Content";
			sourceTree = "<group>";
		};
/* End PBXGroup section */

/* Begin PBXNativeTarget section */
		5D2340102C57402A002B3D34 /* Diet */ = {
			isa = PBXNativeTarget;
			buildConfigurationList = 5D23401F2C57402C002B3D34 /* Build configuration list for PBXNativeTarget "Diet" */;
			buildPhases = (
				5D23400D2C57402A002B3D34 /* Sources */,
				5D23400E2C57402A002B3D34 /* Frameworks */,
				5D23400F2C57402A002B3D34 /* Resources */,
			);
			buildRules = (
			);
			dependencies = (
			);
			name = Diet;
			productName = Diet;
			productReference = 5D2340112C57402A002B3D34 /* Diet.app */;
			productType = "com.apple.product-type.application";
		};
/* End PBXNativeTarget section */

/* Begin PBXProject section */
		5D2340092C57402A002B3D34 /* Project object */ = {
			isa = PBXProject;
			attributes = {
				BuildIndependentTargetsInParallel = 1;
				LastSwiftUpdateCheck = 1530;
				LastUpgradeCheck = 1530;
				TargetAttributes = {
					5D2340102C57402A002B3D34 = {
						CreatedOnToolsVersion = 15.3;
					};
				};
			};
			buildConfigurationList = 5D23400C2C57402A002B3D34 /* Build configuration list for PBXProject "Diet" */;
			compatibilityVersion = "Xcode 14.0";
			developmentRegion = en;
			hasScannedForEncodings = 0;
			knownRegions = (
				en,
				Base,
			);
			mainGroup = 5D2340082C57402A002B3D34;
			productRefGroup = 5D2340122C57402A002B3D34 /* Products */;
			projectDirPath = "";
			projectRoot = "";
			targets = (
				5D2340102C57402A002B3D34 /* Diet */,
			);
		};
/* End PBXProject section */

/* Begin PBXResourcesBuildPhase section */
		5D23400F2C57402A002B3D34 /* Resources */ = {
			isa = PBXResourcesBuildPhase;
			buildActionMask = 2147483647;
			files = (
				5D23401C2C57402C002B3D34 /* Preview Assets.xcassets in Resources */,
				5D2340192C57402C002B3D34 /* Assets.xcassets in Resources */,
			);
			runOnlyForDeploymentPostprocessing = 0;
		};
/* End PBXResourcesBuildPhase section */

/* Begin PBXSourcesBuildPhase section */
		5D23400D2C57402A002B3D34 /* Sources */ = {
			isa = PBXSourcesBuildPhase;
			buildActionMask = 2147483647;
			files = (
				5D2340172C57402A002B3D34 /* ContentView.swift in Sources */,
				5D2340292C5742E3002B3D34 /* HeaderView.swift in Sources */,
				5D2340272C574272002B3D34 /* GoalsView.swift in Sources */,
				5D23402B2C574316002B3D34 /* TodayView.swift in Sources */,
				5D2340332C5A0440002B3D34 /* NetworkManager.swift in Sources */,
				5D2340232C574216002B3D34 /* CircularProgressView.swift in Sources */,
				5D2340312C5A024D002B3D34 /* JsonModel.swift in Sources */,
				5D2340252C574242002B3D34 /* ExploreView.swift in Sources */,
				5D23402D2C579E30002B3D34 /* MainScreen.swift in Sources */,
				5D23402F2C5879AE002B3D34 /* FoodInfo.swift in Sources */,
				5D2340152C57402A002B3D34 /* DietApp.swift in Sources */,
			);
			runOnlyForDeploymentPostprocessing = 0;
		};
/* End PBXSourcesBuildPhase section */

/* Begin XCBuildConfiguration section */
		5D23401D2C57402C002B3D34 /* Debug */ = {
			isa = XCBuildConfiguration;
			buildSettings = {
				ALWAYS_SEARCH_USER_PATHS = NO;
				ASSETCATALOG_COMPILER_GENERATE_SWIFT_ASSET_SYMBOL_EXTENSIONS = YES;
				CLANG_ANALYZER_NONNULL = YES;
				CLANG_ANALYZER_NUMBER_OBJECT_CONVERSION = YES_AGGRESSIVE;
				CLANG_CXX_LANGUAGE_STANDARD = "gnu++20";
				CLANG_ENABLE_MODULES = YES;
				CLANG_ENABLE_OBJC_ARC = YES;
				CLANG_ENABLE_OBJC_WEAK = YES;
				CLANG_WARN_BLOCK_CAPTURE_AUTORELEASING = YES;
				CLANG_WARN_BOOL_CONVERSION = YES;
				CLANG_WARN_COMMA = YES;
				CLANG_WARN_CONSTANT_CONVERSION = YES;
				CLANG_WARN_DEPRECATED_OBJC_IMPLEMENTATIONS = YES;
				CLANG_WARN_DIRECT_OBJC_ISA_USAGE = YES_ERROR;
				CLANG_WARN_DOCUMENTATION_COMMENTS = YES;
				CLANG_WARN_EMPTY_BODY = YES;
				CLANG_WARN_ENUM_CONVERSION = YES;
				CLANG_WARN_INFINITE_RECURSION = YES;
				CLANG_WARN_INT_CONVERSION = YES;
				CLANG_WARN_NON_LITERAL_NULL_CONVERSION = YES;
				CLANG_WARN_OBJC_IMPLICIT_RETAIN_SELF = YES;
				CLANG_WARN_OBJC_LITERAL_CONVERSION = YES;
				CLANG_WARN_OBJC_ROOT_CLASS = YES_ERROR;
				CLANG_WARN_QUOTED_INCLUDE_IN_FRAMEWORK_HEADER = YES;
				CLANG_WARN_RANGE_LOOP_ANALYSIS = YES;
				CLANG_WARN_STRICT_PROTOTYPES = YES;
				CLANG_WARN_SUSPICIOUS_MOVE = YES;
				CLANG_WARN_UNGUARDED_AVAILABILITY = YES_AGGRESSIVE;
				CLANG_WARN_UNREACHABLE_CODE = YES;
				CLANG_WARN__DUPLICATE_METHOD_MATCH = YES;
				COPY_PHASE_STRIP = NO;
				DEBUG_INFORMATION_FORMAT = dwarf;
				ENABLE_STRICT_OBJC_MSGSEND = YES;
				ENABLE_TESTABILITY = YES;
				ENABLE_USER_SCRIPT_SANDBOXING = YES;
				GCC_C_LANGUAGE_STANDARD = gnu17;
				GCC_DYNAMIC_NO_PIC = NO;
				GCC_NO_COMMON_BLOCKS = YES;
				GCC_OPTIMIZATION_LEVEL = 0;
				GCC_PREPROCESSOR_DEFINITIONS = (
					"DEBUG=1",
					"$(inherited)",
				);
				GCC_WARN_64_TO_32_BIT_CONVERSION = YES;
				GCC_WARN_ABOUT_RETURN_TYPE = YES_ERROR;
				GCC_WARN_UNDECLARED_SELECTOR = YES;
				GCC_WARN_UNINITIALIZED_AUTOS = YES_AGGRESSIVE;
				GCC_WARN_UNUSED_FUNCTION = YES;
				GCC_WARN_UNUSED_VARIABLE = YES;
				IPHONEOS_DEPLOYMENT_TARGET = 17.4;
				LOCALIZATION_PREFERS_STRING_CATALOGS = YES;
				MTL_ENABLE_DEBUG_INFO = INCLUDE_SOURCE;
				MTL_FAST_MATH = YES;
				ONLY_ACTIVE_ARCH = YES;
				SDKROOT = iphoneos;
				SWIFT_ACTIVE_COMPILATION_CONDITIONS = "DEBUG $(inherited)";
				SWIFT_OPTIMIZATION_LEVEL = "-Onone";
			};
			name = Debug;
		};
		5D23401E2C57402C002B3D34 /* Release */ = {
			isa = XCBuildConfiguration;
			buildSettings = {
				ALWAYS_SEARCH_USER_PATHS = NO;
				ASSETCATALOG_COMPILER_GENERATE_SWIFT_ASSET_SYMBOL_EXTENSIONS = YES;
				CLANG_ANALYZER_NONNULL = YES;
				CLANG_ANALYZER_NUMBER_OBJECT_CONVERSION = YES_AGGRESSIVE;
				CLANG_CXX_LANGUAGE_STANDARD = "gnu++20";
				CLANG_ENABLE_MODULES = YES;
				CLANG_ENABLE_OBJC_ARC = YES;
				CLANG_ENABLE_OBJC_WEAK = YES;
				CLANG_WARN_BLOCK_CAPTURE_AUTORELEASING = YES;
				CLANG_WARN_BOOL_CONVERSION = YES;
				CLANG_WARN_COMMA = YES;
				CLANG_WARN_CONSTANT_CONVERSION = YES;
				CLANG_WARN_DEPRECATED_OBJC_IMPLEMENTATIONS = YES;
				CLANG_WARN_DIRECT_OBJC_ISA_USAGE = YES_ERROR;
				CLANG_WARN_DOCUMENTATION_COMMENTS = YES;
				CLANG_WARN_EMPTY_BODY = YES;
				CLANG_WARN_ENUM_CONVERSION = YES;
				CLANG_WARN_INFINITE_RECURSION = YES;
				CLANG_WARN_INT_CONVERSION = YES;
				CLANG_WARN_NON_LITERAL_NULL_CONVERSION = YES;
				CLANG_WARN_OBJC_IMPLICIT_RETAIN_SELF = YES;
				CLANG_WARN_OBJC_LITERAL_CONVERSION = YES;
				CLANG_WARN_OBJC_ROOT_CLASS = YES_ERROR;
				CLANG_WARN_QUOTED_INCLUDE_IN_FRAMEWORK_HEADER = YES;
				CLANG_WARN_RANGE_LOOP_ANALYSIS = YES;
				CLANG_WARN_STRICT_PROTOTYPES = YES;
				CLANG_WARN_SUSPICIOUS_MOVE = YES;
				CLANG_WARN_UNGUARDED_AVAILABILITY = YES_AGGRESSIVE;
				CLANG_WARN_UNREACHABLE_CODE = YES;
				CLANG_WARN__DUPLICATE_METHOD_MATCH = YES;
				COPY_PHASE_STRIP = NO;
				DEBUG_INFORMATION_FORMAT = "dwarf-with-dsym";
				ENABLE_NS_ASSERTIONS = NO;
				ENABLE_STRICT_OBJC_MSGSEND = YES;
				ENABLE_USER_SCRIPT_SANDBOXING = YES;
				GCC_C_LANGUAGE_STANDARD = gnu17;
				GCC_NO_COMMON_BLOCKS = YES;
				GCC_WARN_64_TO_32_BIT_CONVERSION = YES;
				GCC_WARN_ABOUT_RETURN_TYPE = YES_ERROR;
				GCC_WARN_UNDECLARED_SELECTOR = YES;
				GCC_WARN_UNINITIALIZED_AUTOS = YES_AGGRESSIVE;
				GCC_WARN_UNUSED_FUNCTION = YES;
				GCC_WARN_UNUSED_VARIABLE = YES;
				IPHONEOS_DEPLOYMENT_TARGET = 17.4;
				LOCALIZATION_PREFERS_STRING_CATALOGS = YES;
				MTL_ENABLE_DEBUG_INFO = NO;
				MTL_FAST_MATH = YES;
				SDKROOT = iphoneos;
				SWIFT_COMPILATION_MODE = wholemodule;
				VALIDATE_PRODUCT = YES;
			};
			name = Release;
		};
		5D2340202C57402C002B3D34 /* Debug */ = {
			isa = XCBuildConfiguration;
			buildSettings = {
				ASSETCATALOG_COMPILER_APPICON_NAME = AppIcon;
				ASSETCATALOG_COMPILER_GLOBAL_ACCENT_COLOR_NAME = AccentColor;
				CODE_SIGN_STYLE = Automatic;
				CURRENT_PROJECT_VERSION = 1;
				DEVELOPMENT_ASSET_PATHS = "\"Diet/Preview Content\"";
				DEVELOPMENT_TEAM = 3P3U576Q35;
				ENABLE_PREVIEWS = YES;
				GENERATE_INFOPLIST_FILE = YES;
				INFOPLIST_KEY_UIApplicationSceneManifest_Generation = YES;
				INFOPLIST_KEY_UIApplicationSupportsIndirectInputEvents = YES;
				INFOPLIST_KEY_UILaunchScreen_Generation = YES;
				INFOPLIST_KEY_UISupportedInterfaceOrientations_iPad = "UIInterfaceOrientationPortrait UIInterfaceOrientationPortraitUpsideDown UIInterfaceOrientationLandscapeLeft UIInterfaceOrientationLandscapeRight";
				INFOPLIST_KEY_UISupportedInterfaceOrientations_iPhone = "UIInterfaceOrientationPortrait UIInterfaceOrientationLandscapeLeft UIInterfaceOrientationLandscapeRight";
				LD_RUNPATH_SEARCH_PATHS = (
					"$(inherited)",
					"@executable_path/Frameworks",
				);
				MARKETING_VERSION = 1.0;
				PRODUCT_BUNDLE_IDENTIFIER = com.Tmcode.Diet;
				PRODUCT_NAME = "$(TARGET_NAME)";
				SWIFT_EMIT_LOC_STRINGS = YES;
				SWIFT_VERSION = 5.0;
				TARGETED_DEVICE_FAMILY = "1,2";
			};
			name = Debug;
		};
		5D2340212C57402C002B3D34 /* Release */ = {
			isa = XCBuildConfiguration;
			buildSettings = {
				ASSETCATALOG_COMPILER_APPICON_NAME = AppIcon;
				ASSETCATALOG_COMPILER_GLOBAL_ACCENT_COLOR_NAME = AccentColor;
				CODE_SIGN_STYLE = Automatic;
				CURRENT_PROJECT_VERSION = 1;
				DEVELOPMENT_ASSET_PATHS = "\"Diet/Preview Content\"";
				DEVELOPMENT_TEAM = 3P3U576Q35;
				ENABLE_PREVIEWS = YES;
				GENERATE_INFOPLIST_FILE = YES;
				INFOPLIST_KEY_UIApplicationSceneManifest_Generation = YES;
				INFOPLIST_KEY_UIApplicationSupportsIndirectInputEvents = YES;
				INFOPLIST_KEY_UILaunchScreen_Generation = YES;
				INFOPLIST_KEY_UISupportedInterfaceOrientations_iPad = "UIInterfaceOrientationPortrait UIInterfaceOrientationPortraitUpsideDown UIInterfaceOrientationLandscapeLeft UIInterfaceOrientationLandscapeRight";
				INFOPLIST_KEY_UISupportedInterfaceOrientations_iPhone = "UIInterfaceOrientationPortrait UIInterfaceOrientationLandscapeLeft UIInterfaceOrientationLandscapeRight";
				LD_RUNPATH_SEARCH_PATHS = (
					"$(inherited)",
					"@executable_path/Frameworks",
				);
				MARKETING_VERSION = 1.0;
				PRODUCT_BUNDLE_IDENTIFIER = com.Tmcode.Diet;
				PRODUCT_NAME = "$(TARGET_NAME)";
				SWIFT_EMIT_LOC_STRINGS = YES;
				SWIFT_VERSION = 5.0;
				TARGETED_DEVICE_FAMILY = "1,2";
			};
			name = Release;
		};
/* End XCBuildConfiguration section */

/* Begin XCConfigurationList section */
		5D23400C2C57402A002B3D34 /* Build configuration list for PBXProject "Diet" */ = {
			isa = XCConfigurationList;
			buildConfigurations = (
				5D23401D2C57402C002B3D34 /* Debug */,
				5D23401E2C57402C002B3D34 /* Release */,
			);
			defaultConfigurationIsVisible = 0;
			defaultConfigurationName = Release;
		};
		5D23401F2C57402C002B3D34 /* Build configuration list for PBXNativeTarget "Diet" */ = {
			isa = XCConfigurationList;
			buildConfigurations = (
				5D2340202C57402C002B3D34 /* Debug */,
				5D2340212C57402C002B3D34 /* Release */,
			);
			defaultConfigurationIsVisible = 0;
			defaultConfigurationName = Release;
		};
/* End XCConfigurationList section */
	};
	rootObject = 5D2340092C57402A002B3D34 /* Project object */;
}
